
Microsoft Visual Studio Solution File, Format Version 12.00
# Visual Studio Version 17
VisualStudioVersion = 17.8.34330.188
MinimumVisualStudioVersion = 10.0.40219.1
Project("{9A19103F-16F7-4668-BE54-9A1E7A4F7556}") = "ArisuCore", "ArisuCore\ArisuCore.csproj", "{E6653E01-265F-4F2C-931A-865CF22AA916}"
EndProject
Project("{FAE04EC0-301F-11D3-BF4B-00C04F79EFBC}") = "ArisuDiscord", "ArisuDiscord\ArisuDiscord.csproj", "{C1CFECEE-ED74-420C-AA4D-7F6279311AAF}"
EndProject
Global
	GlobalSection(SolutionConfigurationPlatforms) = preSolution
		Debug|Any CPU = Debug|Any CPU
		Release|Any CPU = Release|Any CPU
	EndGlobalSection
	GlobalSection(ProjectConfigurationPlatforms) = postSolution
		{E6653E01-265F-4F2C-931A-865CF22AA916}.Debug|Any CPU.ActiveCfg = Debug|Any CPU
		{E6653E01-265F-4F2C-931A-865CF22AA916}.Debug|Any CPU.Build.0 = Debug|Any CPU
		{E6653E01-265F-4F2C-931A-865CF22AA916}.Release|Any CPU.ActiveCfg = Release|Any CPU
		{E6653E01-265F-4F2C-931A-865CF22AA916}.Release|Any CPU.Build.0 = Release|Any CPU
		{C1CFECEE-ED74-420C-AA4D-7F6279311AAF}.Debug|Any CPU.ActiveCfg = Debug|Any CPU
		{C1CFECEE-ED74-420C-AA4D-7F6279311AAF}.Debug|Any CPU.Build.0 = Debug|Any CPU
		{C1CFECEE-ED74-420C-AA4D-7F6279311AAF}.Release|Any CPU.ActiveCfg = Release|Any CPU
		{C1CFECEE-ED74-420C-AA4D-7F6279311AAF}.Release|Any CPU.Build.0 = Release|Any CPU
	EndGlobalSection
	GlobalSection(SolutionProperties) = preSolution
		HideSolutionNode = FALSE
	EndGlobalSection
	GlobalSection(ExtensibilityGlobals) = postSolution
		SolutionGuid = {30BD9037-E7BC-4FD1-9546-B90CB6FBCD68}
	EndGlobalSection
EndGlobal
